# THIS IS AN AUTOGENERATED FILE. DO NOT EDIT THIS FILE DIRECTLY.
# yarn lockfile v1


"@sentry/types@7.22.0":
  version "7.22.0"
  resolved "https://registry.yarnpkg.com/@sentry/types/-/types-7.22.0.tgz#58e4ce77b523048e0f31e2ea4b597946d76f6079"
  integrity sha512-LhCL+wb1Jch+OesB2CIt6xpfO1Ab6CRvoNYRRzVumWPLns1T3ZJkarYfhbLaOEIb38EIbPgREdxn2AJT560U4Q==

fflate@^0.4.1:
  version "0.4.8"
  resolved "https://registry.yarnpkg.com/fflate/-/fflate-0.4.8.tgz#f90b82aefbd8ac174213abb338bd7ef848f0f5ae"
  integrity sha512-FJqqoDBR00Mdj9ppamLa/Y7vxm+PRmNWA67N846RvsoYVMKB4q3y/de5PA7gUmRMYK/8CMz2GDZQmCRN1wBcWA==

posthog-js@^1.39.1:
  version "1.39.1"
  resolved "https://registry.yarnpkg.com/posthog-js/-/posthog-js-1.39.1.tgz#6dc5b4820d0bf0e3c65b30a3db6172c6bf473677"
  integrity sha512-ZbLs0iSv4nCdcY9cy85lejCQtTh8JmXVzSegCVJweRCmGf4lFEJSsfrezm1j7kww4yCn0dFdVr0A245MIfsZuw==
  dependencies:
    "@sentry/types" "7.22.0"
    fflate "^0.4.1"
    rrweb-snapshot "^1.1.14"

rrweb-snapshot@^1.1.14:
  version "1.1.14"
  resolved "https://registry.yarnpkg.com/rrweb-snapshot/-/rrweb-snapshot-1.1.14.tgz#9d4d9be54a28a893373428ee4393ec7e5bd83fcc"
  integrity sha512-eP5pirNjP5+GewQfcOQY4uBiDnpqxNRc65yKPW0eSoU1XamDfc4M8oqpXGMyUyvLyxFDB0q0+DChuxxiU2FXBQ==
